// !$*UTF8*$!
{
	archiveVersion = 1;
	classes = {
	};
	objectVersion = 56;
	objects = {

/* Begin PBXBuildFile section */
		890597AD28DCAE7200E52095 /* kelloworldApp.swift in Sources */ = {isa = PBXBuildFile; fileRef = 890597AC28DCAE7200E52095 /* kelloworldApp.swift */; };
		890597AF28DCAE7200E52095 /* ContentView.swift in Sources */ = {isa = PBXBuildFile; fileRef = 890597AE28DCAE7200E52095 /* ContentView.swift */; };
		890597B128DCAE7300E52095 /* Assets.xcassets in Resources */ = {isa = PBXBuildFile; fileRef = 890597B028DCAE7300E52095 /* Assets.xcassets */; };
		890597B428DCAE7300E52095 /* Preview Assets.xcassets in Resources */ = {isa = PBXBuildFile; fileRef = 890597B328DCAE7300E52095 /* Preview Assets.xcassets */; };
		890597BE28DCAE7300E52095 /* kelloworldTests.swift in Sources */ = {isa = PBXBuildFile; fileRef = 890597BD28DCAE7300E52095 /* kelloworldTests.swift */; };
		890597C828DCAE7300E52095 /* kelloworldUITests.swift in Sources */ = {isa = PBXBuildFile; fileRef = 890597C728DCAE7300E52095 /* kelloworldUITests.swift */; };
		890597CA28DCAE7300E52095 /* kelloworldUITestsLaunchTests.swift in Sources */ = {isa = PBXBuildFile; fileRef = 890597C928DCAE7300E52095 /* kelloworldUITestsLaunchTests.swift */; };
		890597D928DCC15900E52095 /* CircleImage.swift in Sources */ = {isa = PBXBuildFile; fileRef = 890597D828DCC15900E52095 /* CircleImage.swift */; };
		890597DB28DCC25100E52095 /* MapView.swift in Sources */ = {isa = PBXBuildFile; fileRef = 890597DA28DCC25100E52095 /* MapView.swift */; };
		890597DD28DCC9F000E52095 /* SwipeView.swift in Sources */ = {isa = PBXBuildFile; fileRef = 890597DC28DCC9F000E52095 /* SwipeView.swift */; };
/* End PBXBuildFile section */

/* Begin PBXContainerItemProxy section */
		890597BA28DCAE7300E52095 /* PBXContainerItemProxy */ = {
			isa = PBXContainerItemProxy;
			containerPortal = 890597A128DCAE7200E52095 /* Project object */;
			proxyType = 1;
			remoteGlobalIDString = 890597A828DCAE7200E52095;
			remoteInfo = kelloworld;
		};
		890597C428DCAE7300E52095 /* PBXContainerItemProxy */ = {
			isa = PBXContainerItemProxy;
			containerPortal = 890597A128DCAE7200E52095 /* Project object */;
			proxyType = 1;
			remoteGlobalIDString = 890597A828DCAE7200E52095;
			remoteInfo = kelloworld;
		};
/* End PBXContainerItemProxy section */

/* Begin PBXFileReference section */
		890597A928DCAE7200E52095 /* kelloworld.app */ = {isa = PBXFileReference; explicitFileType = wrapper.application; includeInIndex = 0; path = kelloworld.app; sourceTree = BUILT_PRODUCTS_DIR; };
		890597AC28DCAE7200E52095 /* kelloworldApp.swift */ = {isa = PBXFileReference; lastKnownFileType = sourcecode.swift; path = kelloworldApp.swift; sourceTree = "<group>"; };
		890597AE28DCAE7200E52095 /* ContentView.swift */ = {isa = PBXFileReference; lastKnownFileType = sourcecode.swift; path = ContentView.swift; sourceTree = "<group>"; };
		890597B028DCAE7300E52095 /* Assets.xcassets */ = {isa = PBXFileReference; lastKnownFileType = folder.assetcatalog; path = Assets.xcassets; sourceTree = "<group>"; };
		890597B328DCAE7300E52095 /* Preview Assets.xcassets */ = {isa = PBXFileReference; lastKnownFileType = folder.assetcatalog; path = "Preview Assets.xcassets"; sourceTree = "<group>"; };
		890597B928DCAE7300E52095 /* kelloworldTests.xctest */ = {isa = PBXFileReference; explicitFileType = wrapper.cfbundle; includeInIndex = 0; path = kelloworldTests.xctest; sourceTree = BUILT_PRODUCTS_DIR; };
		890597BD28DCAE7300E52095 /* kelloworldTests.swift */ = {isa = PBXFileReference; lastKnownFileType = sourcecode.swift; path = kelloworldTests.swift; sourceTree = "<group>"; };
		890597C328DCAE7300E52095 /* kelloworldUITests.xctest */ = {isa = PBXFileReference; explicitFileType = wrapper.cfbundle; includeInIndex = 0; path = kelloworldUITests.xctest; sourceTree = BUILT_PRODUCTS_DIR; };
		890597C728DCAE7300E52095 /* kelloworldUITests.swift */ = {isa = PBXFileReference; lastKnownFileType = sourcecode.swift; path = kelloworldUITests.swift; sourceTree = "<group>"; };
		890597C928DCAE7300E52095 /* kelloworldUITestsLaunchTests.swift */ = {isa = PBXFileReference; lastKnownFileType = sourcecode.swift; path = kelloworldUITestsLaunchTests.swift; sourceTree = "<group>"; };
		890597D828DCC15900E52095 /* CircleImage.swift */ = {isa = PBXFileReference; lastKnownFileType = sourcecode.swift; path = CircleImage.swift; sourceTree = "<group>"; };
		890597DA28DCC25100E52095 /* MapView.swift */ = {isa = PBXFileReference; lastKnownFileType = sourcecode.swift; path = MapView.swift; sourceTree = "<group>"; };
		890597DC28DCC9F000E52095 /* SwipeView.swift */ = {isa = PBXFileReference; lastKnownFileType = sourcecode.swift; path = SwipeView.swift; sourceTree = "<group>"; };
/* End PBXFileReference section */

/* Begin PBXFrameworksBuildPhase section */
		890597A628DCAE7200E52095 /* Frameworks */ = {
			isa = PBXFrameworksBuildPhase;
			buildActionMask = 2147483647;
			files = (
			);
			runOnlyForDeploymentPostprocessing = 0;
		};
		890597B628DCAE7300E52095 /* Frameworks */ = {
			isa = PBXFrameworksBuildPhase;
			buildActionMask = 2147483647;
			files = (
			);
			runOnlyForDeploymentPostprocessing = 0;
		};
		890597C028DCAE7300E52095 /* Frameworks */ = {
			isa = PBXFrameworksBuildPhase;
			buildActionMask = 2147483647;
			files = (
			);
			runOnlyForDeploymentPostprocessing = 0;
		};
/* End PBXFrameworksBuildPhase section */

/* Begin PBXGroup section */
		890597A028DCAE7200E52095 = {
			isa = PBXGroup;
			children = (
				890597AB28DCAE7200E52095 /* kelloworld */,
				890597BC28DCAE7300E52095 /* kelloworldTests */,
				890597C628DCAE7300E52095 /* kelloworldUITests */,
				890597AA28DCAE7200E52095 /* Products */,
			);
			sourceTree = "<group>";
		};
		890597AA28DCAE7200E52095 /* Products */ = {
			isa = PBXGroup;
			children = (
				890597A928DCAE7200E52095 /* kelloworld.app */,
				890597B928DCAE7300E52095 /* kelloworldTests.xctest */,
				890597C328DCAE7300E52095 /* kelloworldUITests.xctest */,
			);
			name = Products;
			sourceTree = "<group>";
		};
		890597AB28DCAE7200E52095 /* kelloworld */ = {
			isa = PBXGroup;
			children = (
				890597AC28DCAE7200E52095 /* kelloworldApp.swift */,
				890597AE28DCAE7200E52095 /* ContentView.swift */,
				890597DC28DCC9F000E52095 /* SwipeView.swift */,
				890597D828DCC15900E52095 /* CircleImage.swift */,
				890597DA28DCC25100E52095 /* MapView.swift */,
				890597B028DCAE7300E52095 /* Assets.xcassets */,
				890597B228DCAE7300E52095 /* Preview Content */,
			);
			path = kelloworld;
			sourceTree = "<group>";
		};
		890597B228DCAE7300E52095 /* Preview Content */ = {
			isa = PBXGroup;
			children = (
				890597B328DCAE7300E52095 /* Preview Assets.xcassets */,
			);
			path = "Preview Content";
			sourceTree = "<group>";
		};
		890597BC28DCAE7300E52095 /* kelloworldTests */ = {
			isa = PBXGroup;
			children = (
				890597BD28DCAE7300E52095 /* kelloworldTests.swift */,
			);
			path = kelloworldTests;
			sourceTree = "<group>";
		};
		890597C628DCAE7300E52095 /* kelloworldUITests */ = {
			isa = PBXGroup;
			children = (
				890597C728DCAE7300E52095 /* kelloworldUITests.swift */,
				890597C928DCAE7300E52095 /* kelloworldUITestsLaunchTests.swift */,
			);
			path = kelloworldUITests;
			sourceTree = "<group>";
		};
/* End PBXGroup section */

/* Begin PBXNativeTarget section */
		890597A828DCAE7200E52095 /* kelloworld */ = {
			isa = PBXNativeTarget;
			buildConfigurationList = 890597CD28DCAE7300E52095 /* Build configuration list for PBXNativeTarget "kelloworld" */;
			buildPhases = (
				890597A528DCAE7200E52095 /* Sources */,
				890597A628DCAE7200E52095 /* Frameworks */,
				890597A728DCAE7200E52095 /* Resources */,
			);
			buildRules = (
			);
			dependencies = (
			);
			name = kelloworld;
			productName = kelloworld;
			productReference = 890597A928DCAE7200E52095 /* kelloworld.app */;
			productType = "com.apple.product-type.application";
		};
		890597B828DCAE7300E52095 /* kelloworldTests */ = {
			isa = PBXNativeTarget;
			buildConfigurationList = 890597D028DCAE7300E52095 /* Build configuration list for PBXNativeTarget "kelloworldTests" */;
			buildPhases = (
				890597B528DCAE7300E52095 /* Sources */,
				890597B628DCAE7300E52095 /* Frameworks */,
				890597B728DCAE7300E52095 /* Resources */,
			);
			buildRules = (
			);
			dependencies = (
				890597BB28DCAE7300E52095 /* PBXTargetDependency */,
			);
			name = kelloworldTests;
			productName = kelloworldTests;
			productReference = 890597B928DCAE7300E52095 /* kelloworldTests.xctest */;
			productType = "com.apple.product-type.bundle.unit-test";
		};
		890597C228DCAE7300E52095 /* kelloworldUITests */ = {
			isa = PBXNativeTarget;
			buildConfigurationList = 890597D328DCAE7300E52095 /* Build configuration list for PBXNativeTarget "kelloworldUITests" */;
			buildPhases = (
				890597BF28DCAE7300E52095 /* Sources */,
				890597C028DCAE7300E52095 /* Frameworks */,
				890597C128DCAE7300E52095 /* Resources */,
			);
			buildRules = (
			);
			dependencies = (
				890597C528DCAE7300E52095 /* PBXTargetDependency */,
			);
			name = kelloworldUITests;
			productName = kelloworldUITests;
			productReference = 890597C328DCAE7300E52095 /* kelloworldUITests.xctest */;
			productType = "com.apple.product-type.bundle.ui-testing";
		};
/* End PBXNativeTarget section */

/* Begin PBXProject section */
		890597A128DCAE7200E52095 /* Project object */ = {
			isa = PBXProject;
			attributes = {
				BuildIndependentTargetsInParallel = 1;
				LastSwiftUpdateCheck = 1400;
				LastUpgradeCheck = 1400;
				TargetAttributes = {
					890597A828DCAE7200E52095 = {
						CreatedOnToolsVersion = 14.0;
					};
					890597B828DCAE7300E52095 = {
						CreatedOnToolsVersion = 14.0;
						TestTargetID = 890597A828DCAE7200E52095;
					};
					890597C228DCAE7300E52095 = {
						CreatedOnToolsVersion = 14.0;
						TestTargetID = 890597A828DCAE7200E52095;
					};
				};
			};
			buildConfigurationList = 890597A428DCAE7200E52095 /* Build configuration list for PBXProject "kelloworld" */;
			compatibilityVersion = "Xcode 14.0";
			developmentRegion = en;
			hasScannedForEncodings = 0;
			knownRegions = (
				en,
				Base,
			);
			mainGroup = 890597A028DCAE7200E52095;
			productRefGroup = 890597AA28DCAE7200E52095 /* Products */;
			projectDirPath = "";
			projectRoot = "";
			targets = (
				890597A828DCAE7200E52095 /* kelloworld */,
				890597B828DCAE7300E52095 /* kelloworldTests */,
				890597C228DCAE7300E52095 /* kelloworldUITests */,
			);
		};
/* End PBXProject section */

/* Begin PBXResourcesBuildPhase section */
		890597A728DCAE7200E52095 /* Resources */ = {
			isa = PBXResourcesBuildPhase;
			buildActionMask = 2147483647;
			files = (
				890597B428DCAE7300E52095 /* Preview Assets.xcassets in Resources */,
				890597B128DCAE7300E52095 /* Assets.xcassets in Resources */,
			);
			runOnlyForDeploymentPostprocessing = 0;
		};
		890597B728DCAE7300E52095 /* Resources */ = {
			isa = PBXResourcesBuildPhase;
			buildActionMask = 2147483647;
			files = (
			);
			runOnlyForDeploymentPostprocessing = 0;
		};
		890597C128DCAE7300E52095 /* Resources */ = {
			isa = PBXResourcesBuildPhase;
			buildActionMask = 2147483647;
			files = (
			);
			runOnlyForDeploymentPostprocessing = 0;
		};
/* End PBXResourcesBuildPhase section */

/* Begin PBXSourcesBuildPhase section */
		890597A528DCAE7200E52095 /* Sources */ = {
			isa = PBXSourcesBuildPhase;
			buildActionMask = 2147483647;
			files = (
				890597AF28DCAE7200E52095 /* ContentView.swift in Sources */,
				890597DB28DCC25100E52095 /* MapView.swift in Sources */,
				890597AD28DCAE7200E52095 /* kelloworldApp.swift in Sources */,
				890597DD28DCC9F000E52095 /* SwipeView.swift in Sources */,
				890597D928DCC15900E52095 /* CircleImage.swift in Sources */,
			);
			runOnlyForDeploymentPostprocessing = 0;
		};
		890597B528DCAE7300E52095 /* Sources */ = {
			isa = PBXSourcesBuildPhase;
			buildActionMask = 2147483647;
			files = (
				890597BE28DCAE7300E52095 /* kelloworldTests.swift in Sources */,
			);
			runOnlyForDeploymentPostprocessing = 0;
		};
		890597BF28DCAE7300E52095 /* Sources */ = {
			isa = PBXSourcesBuildPhase;
			buildActionMask = 2147483647;
			files = (
				890597C828DCAE7300E52095 /* kelloworldUITests.swift in Sources */,
				890597CA28DCAE7300E52095 /* kelloworldUITestsLaunchTests.swift in Sources */,
			);
			runOnlyForDeploymentPostprocessing = 0;
		};
/* End PBXSourcesBuildPhase section */

/* Begin PBXTargetDependency section */
		890597BB28DCAE7300E52095 /* PBXTargetDependency */ = {
			isa = PBXTargetDependency;
			target = 890597A828DCAE7200E52095 /* kelloworld */;
			targetProxy = 890597BA28DCAE7300E52095 /* PBXContainerItemProxy */;
		};
		890597C528DCAE7300E52095 /* PBXTargetDependency */ = {
			isa = PBXTargetDependency;
			target = 890597A828DCAE7200E52095 /* kelloworld */;
			targetProxy = 890597C428DCAE7300E52095 /* PBXContainerItemProxy */;
		};
/* End PBXTargetDependency section */

/* Begin XCBuildConfiguration section */
		890597CB28DCAE7300E52095 /* Debug */ = {
			isa = XCBuildConfiguration;
			buildSettings = {
				ALWAYS_SEARCH_USER_PATHS = NO;
				CLANG_ANALYZER_NONNULL = YES;
				CLANG_ANALYZER_NUMBER_OBJECT_CONVERSION = YES_AGGRESSIVE;
				CLANG_CXX_LANGUAGE_STANDARD = "gnu++20";
				CLANG_ENABLE_MODULES = YES;
				CLANG_ENABLE_OBJC_ARC = YES;
				CLANG_ENABLE_OBJC_WEAK = YES;
				CLANG_WARN_BLOCK_CAPTURE_AUTORELEASING = YES;
				CLANG_WARN_BOOL_CONVERSION = YES;
				CLANG_WARN_COMMA = YES;
				CLANG_WARN_CONSTANT_CONVERSION = YES;
				CLANG_WARN_DEPRECATED_OBJC_IMPLEMENTATIONS = YES;
				CLANG_WARN_DIRECT_OBJC_ISA_USAGE = YES_ERROR;
				CLANG_WARN_DOCUMENTATION_COMMENTS = YES;
				CLANG_WARN_EMPTY_BODY = YES;
				CLANG_WARN_ENUM_CONVERSION = YES;
				CLANG_WARN_INFINITE_RECURSION = YES;
				CLANG_WARN_INT_CONVERSION = YES;
				CLANG_WARN_NON_LITERAL_NULL_CONVERSION = YES;
				CLANG_WARN_OBJC_IMPLICIT_RETAIN_SELF = YES;
				CLANG_WARN_OBJC_LITERAL_CONVERSION = YES;
				CLANG_WARN_OBJC_ROOT_CLASS = YES_ERROR;
				CLANG_WARN_QUOTED_INCLUDE_IN_FRAMEWORK_HEADER = YES;
				CLANG_WARN_RANGE_LOOP_ANALYSIS = YES;
				CLANG_WARN_STRICT_PROTOTYPES = YES;
				CLANG_WARN_SUSPICIOUS_MOVE = YES;
				CLANG_WARN_UNGUARDED_AVAILABILITY = YES_AGGRESSIVE;
				CLANG_WARN_UNREACHABLE_CODE = YES;
				CLANG_WARN__DUPLICATE_METHOD_MATCH = YES;
				COPY_PHASE_STRIP = NO;
				DEBUG_INFORMATION_FORMAT = dwarf;
				ENABLE_STRICT_OBJC_MSGSEND = YES;
				ENABLE_TESTABILITY = YES;
				GCC_C_LANGUAGE_STANDARD = gnu11;
				GCC_DYNAMIC_NO_PIC = NO;
				GCC_NO_COMMON_BLOCKS = YES;
				GCC_OPTIMIZATION_LEVEL = 0;
				GCC_PREPROCESSOR_DEFINITIONS = (
					"DEBUG=1",
					"$(inherited)",
				);
				GCC_WARN_64_TO_32_BIT_CONVERSION = YES;
				GCC_WARN_ABOUT_RETURN_TYPE = YES_ERROR;
				GCC_WARN_UNDECLARED_SELECTOR = YES;
				GCC_WARN_UNINITIALIZED_AUTOS = YES_AGGRESSIVE;
				GCC_WARN_UNUSED_FUNCTION = YES;
				GCC_WARN_UNUSED_VARIABLE = YES;
				IPHONEOS_DEPLOYMENT_TARGET = 16.0;
				MTL_ENABLE_DEBUG_INFO = INCLUDE_SOURCE;
				MTL_FAST_MATH = YES;
				ONLY_ACTIVE_ARCH = YES;
				SDKROOT = iphoneos;
				SWIFT_ACTIVE_COMPILATION_CONDITIONS = DEBUG;
				SWIFT_OPTIMIZATION_LEVEL = "-Onone";
			};
			name = Debug;
		};
		890597CC28DCAE7300E52095 /* Release */ = {
			isa = XCBuildConfiguration;
			buildSettings = {
				ALWAYS_SEARCH_USER_PATHS = NO;
				CLANG_ANALYZER_NONNULL = YES;
				CLANG_ANALYZER_NUMBER_OBJECT_CONVERSION = YES_AGGRESSIVE;
				CLANG_CXX_LANGUAGE_STANDARD = "gnu++20";
				CLANG_ENABLE_MODULES = YES;
				CLANG_ENABLE_OBJC_ARC = YES;
				CLANG_ENABLE_OBJC_WEAK = YES;
				CLANG_WARN_BLOCK_CAPTURE_AUTORELEASING = YES;
				CLANG_WARN_BOOL_CONVERSION = YES;
				CLANG_WARN_COMMA = YES;
				CLANG_WARN_CONSTANT_CONVERSION = YES;
				CLANG_WARN_DEPRECATED_OBJC_IMPLEMENTATIONS = YES;
				CLANG_WARN_DIRECT_OBJC_ISA_USAGE = YES_ERROR;
				CLANG_WARN_DOCUMENTATION_COMMENTS = YES;
				CLANG_WARN_EMPTY_BODY = YES;
				CLANG_WARN_ENUM_CONVERSION = YES;
				CLANG_WARN_INFINITE_RECURSION = YES;
				CLANG_WARN_INT_CONVERSION = YES;
				CLANG_WARN_NON_LITERAL_NULL_CONVERSION = YES;
				CLANG_WARN_OBJC_IMPLICIT_RETAIN_SELF = YES;
				CLANG_WARN_OBJC_LITERAL_CONVERSION = YES;
				CLANG_WARN_OBJC_ROOT_CLASS = YES_ERROR;
				CLANG_WARN_QUOTED_INCLUDE_IN_FRAMEWORK_HEADER = YES;
				CLANG_WARN_RANGE_LOOP_ANALYSIS = YES;
				CLANG_WARN_STRICT_PROTOTYPES = YES;
				CLANG_WARN_SUSPICIOUS_MOVE = YES;
				CLANG_WARN_UNGUARDED_AVAILABILITY = YES_AGGRESSIVE;
				CLANG_WARN_UNREACHABLE_CODE = YES;
				CLANG_WARN__DUPLICATE_METHOD_MATCH = YES;
				COPY_PHASE_STRIP = NO;
				DEBUG_INFORMATION_FORMAT = "dwarf-with-dsym";
				ENABLE_NS_ASSERTIONS = NO;
				ENABLE_STRICT_OBJC_MSGSEND = YES;
				GCC_C_LANGUAGE_STANDARD = gnu11;
				GCC_NO_COMMON_BLOCKS = YES;
				GCC_WARN_64_TO_32_BIT_CONVERSION = YES;
				GCC_WARN_ABOUT_RETURN_TYPE = YES_ERROR;
				GCC_WARN_UNDECLARED_SELECTOR = YES;
				GCC_WARN_UNINITIALIZED_AUTOS = YES_AGGRESSIVE;
				GCC_WARN_UNUSED_FUNCTION = YES;
				GCC_WARN_UNUSED_VARIABLE = YES;
				IPHONEOS_DEPLOYMENT_TARGET = 16.0;
				MTL_ENABLE_DEBUG_INFO = NO;
				MTL_FAST_MATH = YES;
				SDKROOT = iphoneos;
				SWIFT_COMPILATION_MODE = wholemodule;
				SWIFT_OPTIMIZATION_LEVEL = "-O";
				VALIDATE_PRODUCT = YES;
			};
			name = Release;
		};
		890597CE28DCAE7300E52095 /* Debug */ = {
			isa = XCBuildConfiguration;
			buildSettings = {
				ASSETCATALOG_COMPILER_APPICON_NAME = AppIcon;
				ASSETCATALOG_COMPILER_GLOBAL_ACCENT_COLOR_NAME = AccentColor;
				CODE_SIGN_STYLE = Automatic;
				CURRENT_PROJECT_VERSION = 1;
				DEVELOPMENT_ASSET_PATHS = "\"kelloworld/Preview Content\"";
				ENABLE_PREVIEWS = YES;
				GENERATE_INFOPLIST_FILE = YES;
				INFOPLIST_KEY_UIApplicationSceneManifest_Generation = YES;
				INFOPLIST_KEY_UIApplicationSupportsIndirectInputEvents = YES;
				INFOPLIST_KEY_UILaunchScreen_Generation = YES;
				INFOPLIST_KEY_UISupportedInterfaceOrientations_iPad = "UIInterfaceOrientationPortrait UIInterfaceOrientationPortraitUpsideDown UIInterfaceOrientationLandscapeLeft UIInterfaceOrientationLandscapeRight";
				INFOPLIST_KEY_UISupportedInterfaceOrientations_iPhone = "UIInterfaceOrientationPortrait UIInterfaceOrientationLandscapeLeft UIInterfaceOrientationLandscapeRight";
				LD_RUNPATH_SEARCH_PATHS = (
					"$(inherited)",
					"@executable_path/Frameworks",
				);
				MARKETING_VERSION = 1.0;
				PRODUCT_BUNDLE_IDENTIFIER = ppdragon.com.kelloworld;
				PRODUCT_NAME = "$(TARGET_NAME)";
				SWIFT_EMIT_LOC_STRINGS = YES;
				SWIFT_VERSION = 5.0;
				TARGETED_DEVICE_FAMILY = "1,2";
			};
			name = Debug;
		};
		890597CF28DCAE7300E52095 /* Release */ = {
			isa = XCBuildConfiguration;
			buildSettings = {
				ASSETCATALOG_COMPILER_APPICON_NAME = AppIcon;
				ASSETCATALOG_COMPILER_GLOBAL_ACCENT_COLOR_NAME = AccentColor;
				CODE_SIGN_STYLE = Automatic;
				CURRENT_PROJECT_VERSION = 1;
				DEVELOPMENT_ASSET_PATHS = "\"kelloworld/Preview Content\"";
				ENABLE_PREVIEWS = YES;
				GENERATE_INFOPLIST_FILE = YES;
				INFOPLIST_KEY_UIApplicationSceneManifest_Generation = YES;
				INFOPLIST_KEY_UIApplicationSupportsIndirectInputEvents = YES;
				INFOPLIST_KEY_UILaunchScreen_Generation = YES;
				INFOPLIST_KEY_UISupportedInterfaceOrientations_iPad = "UIInterfaceOrientationPortrait UIInterfaceOrientationPortraitUpsideDown UIInterfaceOrientationLandscapeLeft UIInterfaceOrientationLandscapeRight";
				INFOPLIST_KEY_UISupportedInterfaceOrientations_iPhone = "UIInterfaceOrientationPortrait UIInterfaceOrientationLandscapeLeft UIInterfaceOrientationLandscapeRight";
				LD_RUNPATH_SEARCH_PATHS = (
					"$(inherited)",
					"@executable_path/Frameworks",
				);
				MARKETING_VERSION = 1.0;
				PRODUCT_BUNDLE_IDENTIFIER = ppdragon.com.kelloworld;
				PRODUCT_NAME = "$(TARGET_NAME)";
				SWIFT_EMIT_LOC_STRINGS = YES;
				SWIFT_VERSION = 5.0;
				TARGETED_DEVICE_FAMILY = "1,2";
			};
			name = Release;
		};
		890597D128DCAE7300E52095 /* Debug */ = {
			isa = XCBuildConfiguration;
			buildSettings = {
				ALWAYS_EMBED_SWIFT_STANDARD_LIBRARIES = YES;
				BUNDLE_LOADER = "$(TEST_HOST)";
				CODE_SIGN_STYLE = Automatic;
				CURRENT_PROJECT_VERSION = 1;
				GENERATE_INFOPLIST_FILE = YES;
				IPHONEOS_DEPLOYMENT_TARGET = 16.0;
				MARKETING_VERSION = 1.0;
				PRODUCT_BUNDLE_IDENTIFIER = ppdragon.com.kelloworldTests;
				PRODUCT_NAME = "$(TARGET_NAME)";
				SWIFT_EMIT_LOC_STRINGS = NO;
				SWIFT_VERSION = 5.0;
				TARGETED_DEVICE_FAMILY = "1,2";
				TEST_HOST = "$(BUILT_PRODUCTS_DIR)/kelloworld.app/$(BUNDLE_EXECUTABLE_FOLDER_PATH)/kelloworld";
			};
			name = Debug;
		};
		890597D228DCAE7300E52095 /* Release */ = {
			isa = XCBuildConfiguration;
			buildSettings = {
				ALWAYS_EMBED_SWIFT_STANDARD_LIBRARIES = YES;
				BUNDLE_LOADER = "$(TEST_HOST)";
				CODE_SIGN_STYLE = Automatic;
				CURRENT_PROJECT_VERSION = 1;
				GENERATE_INFOPLIST_FILE = YES;
				IPHONEOS_DEPLOYMENT_TARGET = 16.0;
				MARKETING_VERSION = 1.0;
				PRODUCT_BUNDLE_IDENTIFIER = ppdragon.com.kelloworldTests;
				PRODUCT_NAME = "$(TARGET_NAME)";
				SWIFT_EMIT_LOC_STRINGS = NO;
				SWIFT_VERSION = 5.0;
				TARGETED_DEVICE_FAMILY = "1,2";
				TEST_HOST = "$(BUILT_PRODUCTS_DIR)/kelloworld.app/$(BUNDLE_EXECUTABLE_FOLDER_PATH)/kelloworld";
			};
			name = Release;
		};
		890597D428DCAE7300E52095 /* Debug */ = {
			isa = XCBuildConfiguration;
			buildSettings = {
				ALWAYS_EMBED_SWIFT_STANDARD_LIBRARIES = YES;
				CODE_SIGN_STYLE = Automatic;
				CURRENT_PROJECT_VERSION = 1;
				GENERATE_INFOPLIST_FILE = YES;
				MARKETING_VERSION = 1.0;
				PRODUCT_BUNDLE_IDENTIFIER = ppdragon.com.kelloworldUITests;
				PRODUCT_NAME = "$(TARGET_NAME)";
				SWIFT_EMIT_LOC_STRINGS = NO;
				SWIFT_VERSION = 5.0;
				TARGETED_DEVICE_FAMILY = "1,2";
				TEST_TARGET_NAME = kelloworld;
			};
			name = Debug;
		};
		890597D528DCAE7300E52095 /* Release */ = {
			isa = XCBuildConfiguration;
			buildSettings = {
				ALWAYS_EMBED_SWIFT_STANDARD_LIBRARIES = YES;
				CODE_SIGN_STYLE = Automatic;
				CURRENT_PROJECT_VERSION = 1;
				GENERATE_INFOPLIST_FILE = YES;
				MARKETING_VERSION = 1.0;
				PRODUCT_BUNDLE_IDENTIFIER = ppdragon.com.kelloworldUITests;
				PRODUCT_NAME = "$(TARGET_NAME)";
				SWIFT_EMIT_LOC_STRINGS = NO;
				SWIFT_VERSION = 5.0;
				TARGETED_DEVICE_FAMILY = "1,2";
				TEST_TARGET_NAME = kelloworld;
			};
			name = Release;
		};
/* End XCBuildConfiguration section */

/* Begin XCConfigurationList section */
		890597A428DCAE7200E52095 /* Build configuration list for PBXProject "kelloworld" */ = {
			isa = XCConfigurationList;
			buildConfigurations = (
				890597CB28DCAE7300E52095 /* Debug */,
				890597CC28DCAE7300E52095 /* Release */,
			);
			defaultConfigurationIsVisible = 0;
			defaultConfigurationName = Release;
		};
		890597CD28DCAE7300E52095 /* Build configuration list for PBXNativeTarget "kelloworld" */ = {
			isa = XCConfigurationList;
			buildConfigurations = (
				890597CE28DCAE7300E52095 /* Debug */,
				890597CF28DCAE7300E52095 /* Release */,
			);
			defaultConfigurationIsVisible = 0;
			defaultConfigurationName = Release;
		};
		890597D028DCAE7300E52095 /* Build configuration list for PBXNativeTarget "kelloworldTests" */ = {
			isa = XCConfigurationList;
			buildConfigurations = (
				890597D128DCAE7300E52095 /* Debug */,
				890597D228DCAE7300E52095 /* Release */,
			);
			defaultConfigurationIsVisible = 0;
			defaultConfigurationName = Release;
		};
		890597D328DCAE7300E52095 /* Build configuration list for PBXNativeTarget "kelloworldUITests" */ = {
			isa = XCConfigurationList;
			buildConfigurations = (
				890597D428DCAE7300E52095 /* Debug */,
				890597D528DCAE7300E52095 /* Release */,
			);
			defaultConfigurationIsVisible = 0;
			defaultConfigurationName = Release;
		};
/* End XCConfigurationList section */
	};
	rootObject = 890597A128DCAE7200E52095 /* Project object */;
}
